// !$*UTF8*$!
{
	archiveVersion = 1;
	classes = {
	};
	objectVersion = 56;
	objects = {

/* Begin PBXBuildFile section */
		0207E5C22AEFE00600A57F82 /* WeatherRow.swift in Sources */ = {isa = PBXBuildFile; fileRef = 0207E5C12AEFE00500A57F82 /* WeatherRow.swift */; };
		02930E612AEB4F5C002825D8 /* WeatherForecastAppApp.swift in Sources */ = {isa = PBXBuildFile; fileRef = 02930E602AEB4F5C002825D8 /* WeatherForecastAppApp.swift */; };
		02930E652AEB4F60002825D8 /* Assets.xcassets in Resources */ = {isa = PBXBuildFile; fileRef = 02930E642AEB4F60002825D8 /* Assets.xcassets */; };
		02930E682AEB4F60002825D8 /* Preview Assets.xcassets in Resources */ = {isa = PBXBuildFile; fileRef = 02930E672AEB4F60002825D8 /* Preview Assets.xcassets */; };
		02930E722AEB4F61002825D8 /* WeatherForecastAppTests.swift in Sources */ = {isa = PBXBuildFile; fileRef = 02930E712AEB4F61002825D8 /* WeatherForecastAppTests.swift */; };
		02930E7C2AEB4F61002825D8 /* WeatherForecastAppUITests.swift in Sources */ = {isa = PBXBuildFile; fileRef = 02930E7B2AEB4F61002825D8 /* WeatherForecastAppUITests.swift */; };
		02930E7E2AEB4F61002825D8 /* WeatherForecastAppUITestsLaunchTests.swift in Sources */ = {isa = PBXBuildFile; fileRef = 02930E7D2AEB4F61002825D8 /* WeatherForecastAppUITestsLaunchTests.swift */; };
		02930E8C2AEBF925002825D8 /* WebService.swift in Sources */ = {isa = PBXBuildFile; fileRef = 02930E8B2AEBF925002825D8 /* WebService.swift */; };
		02930E8E2AEBF95D002825D8 /* NetworkRequest.swift in Sources */ = {isa = PBXBuildFile; fileRef = 02930E8D2AEBF95D002825D8 /* NetworkRequest.swift */; };
		02930E912AEBF98D002825D8 /* NetworkError.swift in Sources */ = {isa = PBXBuildFile; fileRef = 02930E902AEBF98D002825D8 /* NetworkError.swift */; };
		02930E942AEBFA2B002825D8 /* Constants.swift in Sources */ = {isa = PBXBuildFile; fileRef = 02930E932AEBFA2B002825D8 /* Constants.swift */; };
		02930E9A2AEBFDA3002825D8 /* MainView.swift in Sources */ = {isa = PBXBuildFile; fileRef = 02930E992AEBFDA3002825D8 /* MainView.swift */; };
		02930E9C2AEBFDBA002825D8 /* MainViewModel.swift in Sources */ = {isa = PBXBuildFile; fileRef = 02930E9B2AEBFDBA002825D8 /* MainViewModel.swift */; };
		02930E9E2AEBFFED002825D8 /* Forecast.swift in Sources */ = {isa = PBXBuildFile; fileRef = 02930E9D2AEBFFED002825D8 /* Forecast.swift */; };
		02930EA02AEC28DD002825D8 /* LocationManager.swift in Sources */ = {isa = PBXBuildFile; fileRef = 02930E9F2AEC28DD002825D8 /* LocationManager.swift */; };
		02DFEBF42AEDFAAE005250F5 /* DetailView.swift in Sources */ = {isa = PBXBuildFile; fileRef = 02DFEBF32AEDFAAE005250F5 /* DetailView.swift */; };
		02F8720C2AEFE59700BC52C0 /* Realtime.swift in Sources */ = {isa = PBXBuildFile; fileRef = 02F8720B2AEFE59700BC52C0 /* Realtime.swift */; };
		02F8720F2AEFE6A800BC52C0 /* ViewState.swift in Sources */ = {isa = PBXBuildFile; fileRef = 02F8720E2AEFE6A800BC52C0 /* ViewState.swift */; };
		02F872112AEFE6D400BC52C0 /* Weathercode.swift in Sources */ = {isa = PBXBuildFile; fileRef = 02F872102AEFE6D400BC52C0 /* Weathercode.swift */; };
		02F872132AEFE90D00BC52C0 /* ErrorView.swift in Sources */ = {isa = PBXBuildFile; fileRef = 02F872122AEFE90D00BC52C0 /* ErrorView.swift */; };
/* End PBXBuildFile section */

/* Begin PBXContainerItemProxy section */
		02930E6E2AEB4F61002825D8 /* PBXContainerItemProxy */ = {
			isa = PBXContainerItemProxy;
			containerPortal = 02930E552AEB4F5C002825D8 /* Project object */;
			proxyType = 1;
			remoteGlobalIDString = 02930E5C2AEB4F5C002825D8;
			remoteInfo = WeatherForecastApp;
		};
		02930E782AEB4F61002825D8 /* PBXContainerItemProxy */ = {
			isa = PBXContainerItemProxy;
			containerPortal = 02930E552AEB4F5C002825D8 /* Project object */;
			proxyType = 1;
			remoteGlobalIDString = 02930E5C2AEB4F5C002825D8;
			remoteInfo = WeatherForecastApp;
		};
/* End PBXContainerItemProxy section */

/* Begin PBXFileReference section */
		0207E5C12AEFE00500A57F82 /* WeatherRow.swift */ = {isa = PBXFileReference; lastKnownFileType = sourcecode.swift; path = WeatherRow.swift; sourceTree = "<group>"; };
		02930E5D2AEB4F5C002825D8 /* WeatherForecastApp.app */ = {isa = PBXFileReference; explicitFileType = wrapper.application; includeInIndex = 0; path = WeatherForecastApp.app; sourceTree = BUILT_PRODUCTS_DIR; };
		02930E602AEB4F5C002825D8 /* WeatherForecastAppApp.swift */ = {isa = PBXFileReference; lastKnownFileType = sourcecode.swift; path = WeatherForecastAppApp.swift; sourceTree = "<group>"; };
		02930E642AEB4F60002825D8 /* Assets.xcassets */ = {isa = PBXFileReference; lastKnownFileType = folder.assetcatalog; path = Assets.xcassets; sourceTree = "<group>"; };
		02930E672AEB4F60002825D8 /* Preview Assets.xcassets */ = {isa = PBXFileReference; lastKnownFileType = folder.assetcatalog; path = "Preview Assets.xcassets"; sourceTree = "<group>"; };
		02930E6D2AEB4F61002825D8 /* WeatherForecastAppTests.xctest */ = {isa = PBXFileReference; explicitFileType = wrapper.cfbundle; includeInIndex = 0; path = WeatherForecastAppTests.xctest; sourceTree = BUILT_PRODUCTS_DIR; };
		02930E712AEB4F61002825D8 /* WeatherForecastAppTests.swift */ = {isa = PBXFileReference; lastKnownFileType = sourcecode.swift; path = WeatherForecastAppTests.swift; sourceTree = "<group>"; };
		02930E772AEB4F61002825D8 /* WeatherForecastAppUITests.xctest */ = {isa = PBXFileReference; explicitFileType = wrapper.cfbundle; includeInIndex = 0; path = WeatherForecastAppUITests.xctest; sourceTree = BUILT_PRODUCTS_DIR; };
		02930E7B2AEB4F61002825D8 /* WeatherForecastAppUITests.swift */ = {isa = PBXFileReference; lastKnownFileType = sourcecode.swift; path = WeatherForecastAppUITests.swift; sourceTree = "<group>"; };
		02930E7D2AEB4F61002825D8 /* WeatherForecastAppUITestsLaunchTests.swift */ = {isa = PBXFileReference; lastKnownFileType = sourcecode.swift; path = WeatherForecastAppUITestsLaunchTests.swift; sourceTree = "<group>"; };
		02930E8B2AEBF925002825D8 /* WebService.swift */ = {isa = PBXFileReference; lastKnownFileType = sourcecode.swift; path = WebService.swift; sourceTree = "<group>"; };
		02930E8D2AEBF95D002825D8 /* NetworkRequest.swift */ = {isa = PBXFileReference; lastKnownFileType = sourcecode.swift; path = NetworkRequest.swift; sourceTree = "<group>"; };
		02930E902AEBF98D002825D8 /* NetworkError.swift */ = {isa = PBXFileReference; lastKnownFileType = sourcecode.swift; path = NetworkError.swift; sourceTree = "<group>"; };
		02930E932AEBFA2B002825D8 /* Constants.swift */ = {isa = PBXFileReference; lastKnownFileType = sourcecode.swift; path = Constants.swift; sourceTree = "<group>"; };
		02930E992AEBFDA3002825D8 /* MainView.swift */ = {isa = PBXFileReference; lastKnownFileType = sourcecode.swift; path = MainView.swift; sourceTree = "<group>"; };
		02930E9B2AEBFDBA002825D8 /* MainViewModel.swift */ = {isa = PBXFileReference; lastKnownFileType = sourcecode.swift; path = MainViewModel.swift; sourceTree = "<group>"; };
		02930E9D2AEBFFED002825D8 /* Forecast.swift */ = {isa = PBXFileReference; lastKnownFileType = sourcecode.swift; path = Forecast.swift; sourceTree = "<group>"; };
		02930E9F2AEC28DD002825D8 /* LocationManager.swift */ = {isa = PBXFileReference; lastKnownFileType = sourcecode.swift; path = LocationManager.swift; sourceTree = "<group>"; };
		02DFEBF32AEDFAAE005250F5 /* DetailView.swift */ = {isa = PBXFileReference; lastKnownFileType = sourcecode.swift; path = DetailView.swift; sourceTree = "<group>"; };
		02F8720B2AEFE59700BC52C0 /* Realtime.swift */ = {isa = PBXFileReference; lastKnownFileType = sourcecode.swift; path = Realtime.swift; sourceTree = "<group>"; };
		02F8720E2AEFE6A800BC52C0 /* ViewState.swift */ = {isa = PBXFileReference; lastKnownFileType = sourcecode.swift; path = ViewState.swift; sourceTree = "<group>"; };
		02F872102AEFE6D400BC52C0 /* Weathercode.swift */ = {isa = PBXFileReference; lastKnownFileType = sourcecode.swift; path = Weathercode.swift; sourceTree = "<group>"; };
		02F872122AEFE90D00BC52C0 /* ErrorView.swift */ = {isa = PBXFileReference; lastKnownFileType = sourcecode.swift; path = ErrorView.swift; sourceTree = "<group>"; };
/* End PBXFileReference section */

/* Begin PBXFrameworksBuildPhase section */
		02930E5A2AEB4F5C002825D8 /* Frameworks */ = {
			isa = PBXFrameworksBuildPhase;
			buildActionMask = 2147483647;
			files = (
			);
			runOnlyForDeploymentPostprocessing = 0;
		};
		02930E6A2AEB4F61002825D8 /* Frameworks */ = {
			isa = PBXFrameworksBuildPhase;
			buildActionMask = 2147483647;
			files = (
			);
			runOnlyForDeploymentPostprocessing = 0;
		};
		02930E742AEB4F61002825D8 /* Frameworks */ = {
			isa = PBXFrameworksBuildPhase;
			buildActionMask = 2147483647;
			files = (
			);
			runOnlyForDeploymentPostprocessing = 0;
		};
/* End PBXFrameworksBuildPhase section */

/* Begin PBXGroup section */
		02930E542AEB4F5C002825D8 = {
			isa = PBXGroup;
			children = (
				02930E5F2AEB4F5C002825D8 /* WeatherForecastApp */,
				02930E702AEB4F61002825D8 /* WeatherForecastAppTests */,
				02930E7A2AEB4F61002825D8 /* WeatherForecastAppUITests */,
				02930E5E2AEB4F5C002825D8 /* Products */,
			);
			sourceTree = "<group>";
		};
		02930E5E2AEB4F5C002825D8 /* Products */ = {
			isa = PBXGroup;
			children = (
				02930E5D2AEB4F5C002825D8 /* WeatherForecastApp.app */,
				02930E6D2AEB4F61002825D8 /* WeatherForecastAppTests.xctest */,
				02930E772AEB4F61002825D8 /* WeatherForecastAppUITests.xctest */,
			);
			name = Products;
			sourceTree = "<group>";
		};
		02930E5F2AEB4F5C002825D8 /* WeatherForecastApp */ = {
			isa = PBXGroup;
			children = (
				02F8720D2AEFE69800BC52C0 /* Enum */,
				02930E972AEBFD09002825D8 /* Model */,
				02930E962AEBFD01002825D8 /* ViewModel */,
				02930E952AEBFCF9002825D8 /* View */,
				02930E922AEBFA0E002825D8 /* Util */,
				02930E8F2AEBF97B002825D8 /* Error */,
				02930E8A2AEBF907002825D8 /* Service */,
				02930E602AEB4F5C002825D8 /* WeatherForecastAppApp.swift */,
				02930E642AEB4F60002825D8 /* Assets.xcassets */,
				02930E662AEB4F60002825D8 /* Preview Content */,
			);
			path = WeatherForecastApp;
			sourceTree = "<group>";
		};
		02930E662AEB4F60002825D8 /* Preview Content */ = {
			isa = PBXGroup;
			children = (
				02930E672AEB4F60002825D8 /* Preview Assets.xcassets */,
			);
			path = "Preview Content";
			sourceTree = "<group>";
		};
		02930E702AEB4F61002825D8 /* WeatherForecastAppTests */ = {
			isa = PBXGroup;
			children = (
				02930E712AEB4F61002825D8 /* WeatherForecastAppTests.swift */,
			);
			path = WeatherForecastAppTests;
			sourceTree = "<group>";
		};
		02930E7A2AEB4F61002825D8 /* WeatherForecastAppUITests */ = {
			isa = PBXGroup;
			children = (
				02930E7B2AEB4F61002825D8 /* WeatherForecastAppUITests.swift */,
				02930E7D2AEB4F61002825D8 /* WeatherForecastAppUITestsLaunchTests.swift */,
			);
			path = WeatherForecastAppUITests;
			sourceTree = "<group>";
		};
		02930E8A2AEBF907002825D8 /* Service */ = {
			isa = PBXGroup;
			children = (
				02930E8B2AEBF925002825D8 /* WebService.swift */,
				02930E8D2AEBF95D002825D8 /* NetworkRequest.swift */,
				02930E9F2AEC28DD002825D8 /* LocationManager.swift */,
			);
			path = Service;
			sourceTree = "<group>";
		};
		02930E8F2AEBF97B002825D8 /* Error */ = {
			isa = PBXGroup;
			children = (
				02930E902AEBF98D002825D8 /* NetworkError.swift */,
			);
			path = Error;
			sourceTree = "<group>";
		};
		02930E922AEBFA0E002825D8 /* Util */ = {
			isa = PBXGroup;
			children = (
				02930E932AEBFA2B002825D8 /* Constants.swift */,
			);
			path = Util;
			sourceTree = "<group>";
		};
		02930E952AEBFCF9002825D8 /* View */ = {
			isa = PBXGroup;
			children = (
				02930E992AEBFDA3002825D8 /* MainView.swift */,
				02DFEBF32AEDFAAE005250F5 /* DetailView.swift */,
				0207E5C12AEFE00500A57F82 /* WeatherRow.swift */,
				02F872122AEFE90D00BC52C0 /* ErrorView.swift */,
			);
			path = View;
			sourceTree = "<group>";
		};
		02930E962AEBFD01002825D8 /* ViewModel */ = {
			isa = PBXGroup;
			children = (
				02930E9B2AEBFDBA002825D8 /* MainViewModel.swift */,
			);
			path = ViewModel;
			sourceTree = "<group>";
		};
		02930E972AEBFD09002825D8 /* Model */ = {
			isa = PBXGroup;
			children = (
				02930E9D2AEBFFED002825D8 /* Forecast.swift */,
				02F8720B2AEFE59700BC52C0 /* Realtime.swift */,
			);
			path = Model;
			sourceTree = "<group>";
		};
		02F8720D2AEFE69800BC52C0 /* Enum */ = {
			isa = PBXGroup;
			children = (
				02F8720E2AEFE6A800BC52C0 /* ViewState.swift */,
				02F872102AEFE6D400BC52C0 /* Weathercode.swift */,
			);
			path = Enum;
			sourceTree = "<group>";
		};
/* End PBXGroup section */

/* Begin PBXNativeTarget section */
		02930E5C2AEB4F5C002825D8 /* WeatherForecastApp */ = {
			isa = PBXNativeTarget;
			buildConfigurationList = 02930E812AEB4F61002825D8 /* Build configuration list for PBXNativeTarget "WeatherForecastApp" */;
			buildPhases = (
				02930E592AEB4F5C002825D8 /* Sources */,
				02930E5A2AEB4F5C002825D8 /* Frameworks */,
				02930E5B2AEB4F5C002825D8 /* Resources */,
			);
			buildRules = (
			);
			dependencies = (
			);
			name = WeatherForecastApp;
			productName = WeatherForecastApp;
			productReference = 02930E5D2AEB4F5C002825D8 /* WeatherForecastApp.app */;
			productType = "com.apple.product-type.application";
		};
		02930E6C2AEB4F61002825D8 /* WeatherForecastAppTests */ = {
			isa = PBXNativeTarget;
			buildConfigurationList = 02930E842AEB4F61002825D8 /* Build configuration list for PBXNativeTarget "WeatherForecastAppTests" */;
			buildPhases = (
				02930E692AEB4F61002825D8 /* Sources */,
				02930E6A2AEB4F61002825D8 /* Frameworks */,
				02930E6B2AEB4F61002825D8 /* Resources */,
			);
			buildRules = (
			);
			dependencies = (
				02930E6F2AEB4F61002825D8 /* PBXTargetDependency */,
			);
			name = WeatherForecastAppTests;
			productName = WeatherForecastAppTests;
			productReference = 02930E6D2AEB4F61002825D8 /* WeatherForecastAppTests.xctest */;
			productType = "com.apple.product-type.bundle.unit-test";
		};
		02930E762AEB4F61002825D8 /* WeatherForecastAppUITests */ = {
			isa = PBXNativeTarget;
			buildConfigurationList = 02930E872AEB4F61002825D8 /* Build configuration list for PBXNativeTarget "WeatherForecastAppUITests" */;
			buildPhases = (
				02930E732AEB4F61002825D8 /* Sources */,
				02930E742AEB4F61002825D8 /* Frameworks */,
				02930E752AEB4F61002825D8 /* Resources */,
			);
			buildRules = (
			);
			dependencies = (
				02930E792AEB4F61002825D8 /* PBXTargetDependency */,
			);
			name = WeatherForecastAppUITests;
			productName = WeatherForecastAppUITests;
			productReference = 02930E772AEB4F61002825D8 /* WeatherForecastAppUITests.xctest */;
			productType = "com.apple.product-type.bundle.ui-testing";
		};
/* End PBXNativeTarget section */

/* Begin PBXProject section */
		02930E552AEB4F5C002825D8 /* Project object */ = {
			isa = PBXProject;
			attributes = {
				BuildIndependentTargetsInParallel = 1;
				LastSwiftUpdateCheck = 1500;
				LastUpgradeCheck = 1500;
				TargetAttributes = {
					02930E5C2AEB4F5C002825D8 = {
						CreatedOnToolsVersion = 15.0.1;
					};
					02930E6C2AEB4F61002825D8 = {
						CreatedOnToolsVersion = 15.0.1;
						TestTargetID = 02930E5C2AEB4F5C002825D8;
					};
					02930E762AEB4F61002825D8 = {
						CreatedOnToolsVersion = 15.0.1;
						TestTargetID = 02930E5C2AEB4F5C002825D8;
					};
				};
			};
			buildConfigurationList = 02930E582AEB4F5C002825D8 /* Build configuration list for PBXProject "WeatherForecastApp" */;
			compatibilityVersion = "Xcode 14.0";
			developmentRegion = en;
			hasScannedForEncodings = 0;
			knownRegions = (
				en,
				Base,
			);
			mainGroup = 02930E542AEB4F5C002825D8;
			productRefGroup = 02930E5E2AEB4F5C002825D8 /* Products */;
			projectDirPath = "";
			projectRoot = "";
			targets = (
				02930E5C2AEB4F5C002825D8 /* WeatherForecastApp */,
				02930E6C2AEB4F61002825D8 /* WeatherForecastAppTests */,
				02930E762AEB4F61002825D8 /* WeatherForecastAppUITests */,
			);
		};
/* End PBXProject section */

/* Begin PBXResourcesBuildPhase section */
		02930E5B2AEB4F5C002825D8 /* Resources */ = {
			isa = PBXResourcesBuildPhase;
			buildActionMask = 2147483647;
			files = (
				02930E682AEB4F60002825D8 /* Preview Assets.xcassets in Resources */,
				02930E652AEB4F60002825D8 /* Assets.xcassets in Resources */,
			);
			runOnlyForDeploymentPostprocessing = 0;
		};
		02930E6B2AEB4F61002825D8 /* Resources */ = {
			isa = PBXResourcesBuildPhase;
			buildActionMask = 2147483647;
			files = (
			);
			runOnlyForDeploymentPostprocessing = 0;
		};
		02930E752AEB4F61002825D8 /* Resources */ = {
			isa = PBXResourcesBuildPhase;
			buildActionMask = 2147483647;
			files = (
			);
			runOnlyForDeploymentPostprocessing = 0;
		};
/* End PBXResourcesBuildPhase section */

/* Begin PBXSourcesBuildPhase section */
		02930E592AEB4F5C002825D8 /* Sources */ = {
			isa = PBXSourcesBuildPhase;
			buildActionMask = 2147483647;
			files = (
				02930E8C2AEBF925002825D8 /* WebService.swift in Sources */,
				02930E9A2AEBFDA3002825D8 /* MainView.swift in Sources */,
				02930EA02AEC28DD002825D8 /* LocationManager.swift in Sources */,
				0207E5C22AEFE00600A57F82 /* WeatherRow.swift in Sources */,
				02F8720C2AEFE59700BC52C0 /* Realtime.swift in Sources */,
				02930E8E2AEBF95D002825D8 /* NetworkRequest.swift in Sources */,
				02DFEBF42AEDFAAE005250F5 /* DetailView.swift in Sources */,
				02930E9E2AEBFFED002825D8 /* Forecast.swift in Sources */,
				02930E612AEB4F5C002825D8 /* WeatherForecastAppApp.swift in Sources */,
				02930E912AEBF98D002825D8 /* NetworkError.swift in Sources */,
				02F872132AEFE90D00BC52C0 /* ErrorView.swift in Sources */,
				02F8720F2AEFE6A800BC52C0 /* ViewState.swift in Sources */,
				02930E942AEBFA2B002825D8 /* Constants.swift in Sources */,
				02930E9C2AEBFDBA002825D8 /* MainViewModel.swift in Sources */,
				02F872112AEFE6D400BC52C0 /* Weathercode.swift in Sources */,
			);
			runOnlyForDeploymentPostprocessing = 0;
		};
		02930E692AEB4F61002825D8 /* Sources */ = {
			isa = PBXSourcesBuildPhase;
			buildActionMask = 2147483647;
			files = (
				02930E722AEB4F61002825D8 /* WeatherForecastAppTests.swift in Sources */,
			);
			runOnlyForDeploymentPostprocessing = 0;
		};
		02930E732AEB4F61002825D8 /* Sources */ = {
			isa = PBXSourcesBuildPhase;
			buildActionMask = 2147483647;
			files = (
				02930E7E2AEB4F61002825D8 /* WeatherForecastAppUITestsLaunchTests.swift in Sources */,
				02930E7C2AEB4F61002825D8 /* WeatherForecastAppUITests.swift in Sources */,
			);
			runOnlyForDeploymentPostprocessing = 0;
		};
/* End PBXSourcesBuildPhase section */

/* Begin PBXTargetDependency section */
		02930E6F2AEB4F61002825D8 /* PBXTargetDependency */ = {
			isa = PBXTargetDependency;
			target = 02930E5C2AEB4F5C002825D8 /* WeatherForecastApp */;
			targetProxy = 02930E6E2AEB4F61002825D8 /* PBXContainerItemProxy */;
		};
		02930E792AEB4F61002825D8 /* PBXTargetDependency */ = {
			isa = PBXTargetDependency;
			target = 02930E5C2AEB4F5C002825D8 /* WeatherForecastApp */;
			targetProxy = 02930E782AEB4F61002825D8 /* PBXContainerItemProxy */;
		};
/* End PBXTargetDependency section */

/* Begin XCBuildConfiguration section */
		02930E7F2AEB4F61002825D8 /* Debug */ = {
			isa = XCBuildConfiguration;
			buildSettings = {
				ALWAYS_SEARCH_USER_PATHS = NO;
				ASSETCATALOG_COMPILER_GENERATE_SWIFT_ASSET_SYMBOL_EXTENSIONS = YES;
				CLANG_ANALYZER_NONNULL = YES;
				CLANG_ANALYZER_NUMBER_OBJECT_CONVERSION = YES_AGGRESSIVE;
				CLANG_CXX_LANGUAGE_STANDARD = "gnu++20";
				CLANG_ENABLE_MODULES = YES;
				CLANG_ENABLE_OBJC_ARC = YES;
				CLANG_ENABLE_OBJC_WEAK = YES;
				CLANG_WARN_BLOCK_CAPTURE_AUTORELEASING = YES;
				CLANG_WARN_BOOL_CONVERSION = YES;
				CLANG_WARN_COMMA = YES;
				CLANG_WARN_CONSTANT_CONVERSION = YES;
				CLANG_WARN_DEPRECATED_OBJC_IMPLEMENTATIONS = YES;
				CLANG_WARN_DIRECT_OBJC_ISA_USAGE = YES_ERROR;
				CLANG_WARN_DOCUMENTATION_COMMENTS = YES;
				CLANG_WARN_EMPTY_BODY = YES;
				CLANG_WARN_ENUM_CONVERSION = YES;
				CLANG_WARN_INFINITE_RECURSION = YES;
				CLANG_WARN_INT_CONVERSION = YES;
				CLANG_WARN_NON_LITERAL_NULL_CONVERSION = YES;
				CLANG_WARN_OBJC_IMPLICIT_RETAIN_SELF = YES;
				CLANG_WARN_OBJC_LITERAL_CONVERSION = YES;
				CLANG_WARN_OBJC_ROOT_CLASS = YES_ERROR;
				CLANG_WARN_QUOTED_INCLUDE_IN_FRAMEWORK_HEADER = YES;
				CLANG_WARN_RANGE_LOOP_ANALYSIS = YES;
				CLANG_WARN_STRICT_PROTOTYPES = YES;
				CLANG_WARN_SUSPICIOUS_MOVE = YES;
				CLANG_WARN_UNGUARDED_AVAILABILITY = YES_AGGRESSIVE;
				CLANG_WARN_UNREACHABLE_CODE = YES;
				CLANG_WARN__DUPLICATE_METHOD_MATCH = YES;
				COPY_PHASE_STRIP = NO;
				DEBUG_INFORMATION_FORMAT = dwarf;
				ENABLE_STRICT_OBJC_MSGSEND = YES;
				ENABLE_TESTABILITY = YES;
				ENABLE_USER_SCRIPT_SANDBOXING = YES;
				GCC_C_LANGUAGE_STANDARD = gnu17;
				GCC_DYNAMIC_NO_PIC = NO;
				GCC_NO_COMMON_BLOCKS = YES;
				GCC_OPTIMIZATION_LEVEL = 0;
				GCC_PREPROCESSOR_DEFINITIONS = (
					"DEBUG=1",
					"$(inherited)",
				);
				GCC_WARN_64_TO_32_BIT_CONVERSION = YES;
				GCC_WARN_ABOUT_RETURN_TYPE = YES_ERROR;
				GCC_WARN_UNDECLARED_SELECTOR = YES;
				GCC_WARN_UNINITIALIZED_AUTOS = YES_AGGRESSIVE;
				GCC_WARN_UNUSED_FUNCTION = YES;
				GCC_WARN_UNUSED_VARIABLE = YES;
				IPHONEOS_DEPLOYMENT_TARGET = 16.0;
				LOCALIZATION_PREFERS_STRING_CATALOGS = YES;
				MTL_ENABLE_DEBUG_INFO = INCLUDE_SOURCE;
				MTL_FAST_MATH = YES;
				ONLY_ACTIVE_ARCH = YES;
				SDKROOT = iphoneos;
				SWIFT_ACTIVE_COMPILATION_CONDITIONS = "DEBUG $(inherited)";
				SWIFT_OPTIMIZATION_LEVEL = "-Onone";
			};
			name = Debug;
		};
		02930E802AEB4F61002825D8 /* Release */ = {
			isa = XCBuildConfiguration;
			buildSettings = {
				ALWAYS_SEARCH_USER_PATHS = NO;
				ASSETCATALOG_COMPILER_GENERATE_SWIFT_ASSET_SYMBOL_EXTENSIONS = YES;
				CLANG_ANALYZER_NONNULL = YES;
				CLANG_ANALYZER_NUMBER_OBJECT_CONVERSION = YES_AGGRESSIVE;
				CLANG_CXX_LANGUAGE_STANDARD = "gnu++20";
				CLANG_ENABLE_MODULES = YES;
				CLANG_ENABLE_OBJC_ARC = YES;
				CLANG_ENABLE_OBJC_WEAK = YES;
				CLANG_WARN_BLOCK_CAPTURE_AUTORELEASING = YES;
				CLANG_WARN_BOOL_CONVERSION = YES;
				CLANG_WARN_COMMA = YES;
				CLANG_WARN_CONSTANT_CONVERSION = YES;
				CLANG_WARN_DEPRECATED_OBJC_IMPLEMENTATIONS = YES;
				CLANG_WARN_DIRECT_OBJC_ISA_USAGE = YES_ERROR;
				CLANG_WARN_DOCUMENTATION_COMMENTS = YES;
				CLANG_WARN_EMPTY_BODY = YES;
				CLANG_WARN_ENUM_CONVERSION = YES;
				CLANG_WARN_INFINITE_RECURSION = YES;
				CLANG_WARN_INT_CONVERSION = YES;
				CLANG_WARN_NON_LITERAL_NULL_CONVERSION = YES;
				CLANG_WARN_OBJC_IMPLICIT_RETAIN_SELF = YES;
				CLANG_WARN_OBJC_LITERAL_CONVERSION = YES;
				CLANG_WARN_OBJC_ROOT_CLASS = YES_ERROR;
				CLANG_WARN_QUOTED_INCLUDE_IN_FRAMEWORK_HEADER = YES;
				CLANG_WARN_RANGE_LOOP_ANALYSIS = YES;
				CLANG_WARN_STRICT_PROTOTYPES = YES;
				CLANG_WARN_SUSPICIOUS_MOVE = YES;
				CLANG_WARN_UNGUARDED_AVAILABILITY = YES_AGGRESSIVE;
				CLANG_WARN_UNREACHABLE_CODE = YES;
				CLANG_WARN__DUPLICATE_METHOD_MATCH = YES;
				COPY_PHASE_STRIP = NO;
				DEBUG_INFORMATION_FORMAT = "dwarf-with-dsym";
				ENABLE_NS_ASSERTIONS = NO;
				ENABLE_STRICT_OBJC_MSGSEND = YES;
				ENABLE_USER_SCRIPT_SANDBOXING = YES;
				GCC_C_LANGUAGE_STANDARD = gnu17;
				GCC_NO_COMMON_BLOCKS = YES;
				GCC_WARN_64_TO_32_BIT_CONVERSION = YES;
				GCC_WARN_ABOUT_RETURN_TYPE = YES_ERROR;
				GCC_WARN_UNDECLARED_SELECTOR = YES;
				GCC_WARN_UNINITIALIZED_AUTOS = YES_AGGRESSIVE;
				GCC_WARN_UNUSED_FUNCTION = YES;
				GCC_WARN_UNUSED_VARIABLE = YES;
				IPHONEOS_DEPLOYMENT_TARGET = 16.0;
				LOCALIZATION_PREFERS_STRING_CATALOGS = YES;
				MTL_ENABLE_DEBUG_INFO = NO;
				MTL_FAST_MATH = YES;
				SDKROOT = iphoneos;
				SWIFT_COMPILATION_MODE = wholemodule;
				VALIDATE_PRODUCT = YES;
			};
			name = Release;
		};
		02930E822AEB4F61002825D8 /* Debug */ = {
			isa = XCBuildConfiguration;
			buildSettings = {
				ASSETCATALOG_COMPILER_APPICON_NAME = AppIcon;
				ASSETCATALOG_COMPILER_GLOBAL_ACCENT_COLOR_NAME = AccentColor;
				CODE_SIGN_STYLE = Automatic;
				CURRENT_PROJECT_VERSION = 1;
				DEVELOPMENT_ASSET_PATHS = "\"WeatherForecastApp/Preview Content\"";
				DEVELOPMENT_TEAM = WQ64764U9V;
				ENABLE_PREVIEWS = YES;
				GENERATE_INFOPLIST_FILE = YES;
				INFOPLIST_KEY_NSLocationWhenInUseUsageDescription = "To provide you local weather, we need to access your current location. ";
				INFOPLIST_KEY_UIApplicationSceneManifest_Generation = YES;
				INFOPLIST_KEY_UIApplicationSupportsIndirectInputEvents = YES;
				INFOPLIST_KEY_UILaunchScreen_Generation = YES;
				INFOPLIST_KEY_UISupportedInterfaceOrientations_iPad = "UIInterfaceOrientationPortrait UIInterfaceOrientationPortraitUpsideDown UIInterfaceOrientationLandscapeLeft UIInterfaceOrientationLandscapeRight";
				INFOPLIST_KEY_UISupportedInterfaceOrientations_iPhone = "UIInterfaceOrientationPortrait UIInterfaceOrientationLandscapeLeft UIInterfaceOrientationLandscapeRight";
				LD_RUNPATH_SEARCH_PATHS = (
					"$(inherited)",
					"@executable_path/Frameworks",
				);
				MARKETING_VERSION = 1.0;
				PRODUCT_BUNDLE_IDENTIFIER = com.WeatherForecastApp;
				PRODUCT_NAME = "$(TARGET_NAME)";
				SWIFT_EMIT_LOC_STRINGS = YES;
				SWIFT_VERSION = 5.0;
				TARGETED_DEVICE_FAMILY = "1,2";
			};
			name = Debug;
		};
		02930E832AEB4F61002825D8 /* Release */ = {
			isa = XCBuildConfiguration;
			buildSettings = {
				ASSETCATALOG_COMPILER_APPICON_NAME = AppIcon;
				ASSETCATALOG_COMPILER_GLOBAL_ACCENT_COLOR_NAME = AccentColor;
				CODE_SIGN_STYLE = Automatic;
				CURRENT_PROJECT_VERSION = 1;
				DEVELOPMENT_ASSET_PATHS = "\"WeatherForecastApp/Preview Content\"";
				DEVELOPMENT_TEAM = WQ64764U9V;
				ENABLE_PREVIEWS = YES;
				GENERATE_INFOPLIST_FILE = YES;
				INFOPLIST_KEY_NSLocationWhenInUseUsageDescription = "To provide you local weather, we need to access your current location. ";
				INFOPLIST_KEY_UIApplicationSceneManifest_Generation = YES;
				INFOPLIST_KEY_UIApplicationSupportsIndirectInputEvents = YES;
				INFOPLIST_KEY_UILaunchScreen_Generation = YES;
				INFOPLIST_KEY_UISupportedInterfaceOrientations_iPad = "UIInterfaceOrientationPortrait UIInterfaceOrientationPortraitUpsideDown UIInterfaceOrientationLandscapeLeft UIInterfaceOrientationLandscapeRight";
				INFOPLIST_KEY_UISupportedInterfaceOrientations_iPhone = "UIInterfaceOrientationPortrait UIInterfaceOrientationLandscapeLeft UIInterfaceOrientationLandscapeRight";
				LD_RUNPATH_SEARCH_PATHS = (
					"$(inherited)",
					"@executable_path/Frameworks",
				);
				MARKETING_VERSION = 1.0;
				PRODUCT_BUNDLE_IDENTIFIER = com.WeatherForecastApp;
				PRODUCT_NAME = "$(TARGET_NAME)";
				SWIFT_EMIT_LOC_STRINGS = YES;
				SWIFT_VERSION = 5.0;
				TARGETED_DEVICE_FAMILY = "1,2";
			};
			name = Release;
		};
		02930E852AEB4F61002825D8 /* Debug */ = {
			isa = XCBuildConfiguration;
			buildSettings = {
				ALWAYS_EMBED_SWIFT_STANDARD_LIBRARIES = YES;
				BUNDLE_LOADER = "$(TEST_HOST)";
				CODE_SIGN_STYLE = Automatic;
				CURRENT_PROJECT_VERSION = 1;
				DEVELOPMENT_TEAM = WQ64764U9V;
				GENERATE_INFOPLIST_FILE = YES;
				IPHONEOS_DEPLOYMENT_TARGET = 17.0;
				MARKETING_VERSION = 1.0;
				PRODUCT_BUNDLE_IDENTIFIER = com.WeatherForecastAppTests;
				PRODUCT_NAME = "$(TARGET_NAME)";
				SWIFT_EMIT_LOC_STRINGS = NO;
				SWIFT_VERSION = 5.0;
				TARGETED_DEVICE_FAMILY = "1,2";
				TEST_HOST = "$(BUILT_PRODUCTS_DIR)/WeatherForecastApp.app/$(BUNDLE_EXECUTABLE_FOLDER_PATH)/WeatherForecastApp";
			};
			name = Debug;
		};
		02930E862AEB4F61002825D8 /* Release */ = {
			isa = XCBuildConfiguration;
			buildSettings = {
				ALWAYS_EMBED_SWIFT_STANDARD_LIBRARIES = YES;
				BUNDLE_LOADER = "$(TEST_HOST)";
				CODE_SIGN_STYLE = Automatic;
				CURRENT_PROJECT_VERSION = 1;
				DEVELOPMENT_TEAM = WQ64764U9V;
				GENERATE_INFOPLIST_FILE = YES;
				IPHONEOS_DEPLOYMENT_TARGET = 17.0;
				MARKETING_VERSION = 1.0;
				PRODUCT_BUNDLE_IDENTIFIER = com.WeatherForecastAppTests;
				PRODUCT_NAME = "$(TARGET_NAME)";
				SWIFT_EMIT_LOC_STRINGS = NO;
				SWIFT_VERSION = 5.0;
				TARGETED_DEVICE_FAMILY = "1,2";
				TEST_HOST = "$(BUILT_PRODUCTS_DIR)/WeatherForecastApp.app/$(BUNDLE_EXECUTABLE_FOLDER_PATH)/WeatherForecastApp";
			};
			name = Release;
		};
		02930E882AEB4F61002825D8 /* Debug */ = {
			isa = XCBuildConfiguration;
			buildSettings = {
				ALWAYS_EMBED_SWIFT_STANDARD_LIBRARIES = YES;
				CODE_SIGN_STYLE = Automatic;
				CURRENT_PROJECT_VERSION = 1;
				DEVELOPMENT_TEAM = WQ64764U9V;
				GENERATE_INFOPLIST_FILE = YES;
				MARKETING_VERSION = 1.0;
				PRODUCT_BUNDLE_IDENTIFIER = com.WeatherForecastAppUITests;
				PRODUCT_NAME = "$(TARGET_NAME)";
				SWIFT_EMIT_LOC_STRINGS = NO;
				SWIFT_VERSION = 5.0;
				TARGETED_DEVICE_FAMILY = "1,2";
				TEST_TARGET_NAME = WeatherForecastApp;
			};
			name = Debug;
		};
		02930E892AEB4F61002825D8 /* Release */ = {
			isa = XCBuildConfiguration;
			buildSettings = {
				ALWAYS_EMBED_SWIFT_STANDARD_LIBRARIES = YES;
				CODE_SIGN_STYLE = Automatic;
				CURRENT_PROJECT_VERSION = 1;
				DEVELOPMENT_TEAM = WQ64764U9V;
				GENERATE_INFOPLIST_FILE = YES;
				MARKETING_VERSION = 1.0;
				PRODUCT_BUNDLE_IDENTIFIER = com.WeatherForecastAppUITests;
				PRODUCT_NAME = "$(TARGET_NAME)";
				SWIFT_EMIT_LOC_STRINGS = NO;
				SWIFT_VERSION = 5.0;
				TARGETED_DEVICE_FAMILY = "1,2";
				TEST_TARGET_NAME = WeatherForecastApp;
			};
			name = Release;
		};
/* End XCBuildConfiguration section */

/* Begin XCConfigurationList section */
		02930E582AEB4F5C002825D8 /* Build configuration list for PBXProject "WeatherForecastApp" */ = {
			isa = XCConfigurationList;
			buildConfigurations = (
				02930E7F2AEB4F61002825D8 /* Debug */,
				02930E802AEB4F61002825D8 /* Release */,
			);
			defaultConfigurationIsVisible = 0;
			defaultConfigurationName = Release;
		};
		02930E812AEB4F61002825D8 /* Build configuration list for PBXNativeTarget "WeatherForecastApp" */ = {
			isa = XCConfigurationList;
			buildConfigurations = (
				02930E822AEB4F61002825D8 /* Debug */,
				02930E832AEB4F61002825D8 /* Release */,
			);
			defaultConfigurationIsVisible = 0;
			defaultConfigurationName = Release;
		};
		02930E842AEB4F61002825D8 /* Build configuration list for PBXNativeTarget "WeatherForecastAppTests" */ = {
			isa = XCConfigurationList;
			buildConfigurations = (
				02930E852AEB4F61002825D8 /* Debug */,
				02930E862AEB4F61002825D8 /* Release */,
			);
			defaultConfigurationIsVisible = 0;
			defaultConfigurationName = Release;
		};
		02930E872AEB4F61002825D8 /* Build configuration list for PBXNativeTarget "WeatherForecastAppUITests" */ = {
			isa = XCConfigurationList;
			buildConfigurations = (
				02930E882AEB4F61002825D8 /* Debug */,
				02930E892AEB4F61002825D8 /* Release */,
			);
			defaultConfigurationIsVisible = 0;
			defaultConfigurationName = Release;
		};
/* End XCConfigurationList section */
	};
	rootObject = 02930E552AEB4F5C002825D8 /* Project object */;
}
